
Microsoft Visual Studio Solution File, Format Version 12.00
# Visual Studio Version 17
VisualStudioVersion = 17.2.32630.192
MinimumVisualStudioVersion = 10.0.40219.1
Project("{FAE04EC0-301F-11D3-BF4B-00C04F79EFBC}") = "e-commerce_backend", "e-commerce_backend\e-commerce_backend.csproj", "{EA474FB0-BBAE-4654-8496-A8E1C4C3E949}"
EndProject
Global
	GlobalSection(SolutionConfigurationPlatforms) = preSolution
		Debug|Any CPU = Debug|Any CPU
		Release|Any CPU = Release|Any CPU
	EndGlobalSection
	GlobalSection(ProjectConfigurationPlatforms) = postSolution
		{EA474FB0-BBAE-4654-8496-A8E1C4C3E949}.Debug|Any CPU.ActiveCfg = Debug|Any CPU
		{EA474FB0-BBAE-4654-8496-A8E1C4C3E949}.Debug|Any CPU.Build.0 = Debug|Any CPU
		{EA474FB0-BBAE-4654-8496-A8E1C4C3E949}.Release|Any CPU.ActiveCfg = Release|Any CPU
		{EA474FB0-BBAE-4654-8496-A8E1C4C3E949}.Release|Any CPU.Build.0 = Release|Any CPU
	EndGlobalSection
	GlobalSection(SolutionProperties) = preSolution
		HideSolutionNode = FALSE
	EndGlobalSection
	GlobalSection(ExtensibilityGlobals) = postSolution
		SolutionGuid = {AE21EE17-3CB9-41B4-9ECE-8FF3AEACCA26}
	EndGlobalSection
EndGlobal
